// !$*UTF8*$!
{
	archiveVersion = 1;
	classes = {
	};
	objectVersion = 46;
	objects = {

/* Begin PBXBuildFile section */
		344E1F6A1E8DBB4100901524 /* Main.storyboard in Resources */ = {isa = PBXBuildFile; fileRef = 344E1F691E8DBB4100901524 /* Main.storyboard */; };
		344E1F6E1E8DBD1600901524 /* DoneBar.m in Sources */ = {isa = PBXBuildFile; fileRef = 344E1F6D1E8DBD1600901524 /* DoneBar.m */; };
		344E1F701E8DBEF200901524 /* Launch.storyboard in Resources */ = {isa = PBXBuildFile; fileRef = 344E1F6F1E8DBEF200901524 /* Launch.storyboard */; };
		344E1F731E8DCAD900901524 /* DaysTextField.m in Sources */ = {isa = PBXBuildFile; fileRef = 344E1F721E8DCAD900901524 /* DaysTextField.m */; };
		344E1F761E8DCC5100901524 /* DateTextField.m in Sources */ = {isa = PBXBuildFile; fileRef = 344E1F751E8DCC5100901524 /* DateTextField.m */; };
		344E1F791E8DDEBD00901524 /* TextFieldContainerView.m in Sources */ = {isa = PBXBuildFile; fileRef = 344E1F781E8DDEBD00901524 /* TextFieldContainerView.m */; };
		344E1F7C1E8DE2DB00901524 /* BaseViewController.m in Sources */ = {isa = PBXBuildFile; fileRef = 344E1F7B1E8DE2DB00901524 /* BaseViewController.m */; };
		CA5F340A1696837C0053FBD2 /* QuartzCore.framework in Frameworks */ = {isa = PBXBuildFile; fileRef = CA5F34091696837C0053FBD2 /* QuartzCore.framework */; };
		CAA506D615563224001F2508 /* UIKit.framework in Frameworks */ = {isa = PBXBuildFile; fileRef = CAA506D515563224001F2508 /* UIKit.framework */; };
		CAA506D815563224001F2508 /* Foundation.framework in Frameworks */ = {isa = PBXBuildFile; fileRef = CAA506D715563224001F2508 /* Foundation.framework */; };
		CAA506DA15563224001F2508 /* CoreGraphics.framework in Frameworks */ = {isa = PBXBuildFile; fileRef = CAA506D915563224001F2508 /* CoreGraphics.framework */; };
		CAA506E015563224001F2508 /* InfoPlist.strings in Resources */ = {isa = PBXBuildFile; fileRef = CAA506DE15563224001F2508 /* InfoPlist.strings */; };
		CAA506E215563224001F2508 /* main.m in Sources */ = {isa = PBXBuildFile; fileRef = CAA506E115563224001F2508 /* main.m */; };
		CAA506E615563224001F2508 /* AppDelegate.m in Sources */ = {isa = PBXBuildFile; fileRef = CAA506E515563224001F2508 /* AppDelegate.m */; };
		CAA506EF15563224001F2508 /* FromDateViewController.m in Sources */ = {isa = PBXBuildFile; fileRef = CAA506EE15563224001F2508 /* FromDateViewController.m */; };
		CAA506F615563224001F2508 /* BetweenDatesViewController.m in Sources */ = {isa = PBXBuildFile; fileRef = CAA506F515563224001F2508 /* BetweenDatesViewController.m */; };
		CAA5070315563224001F2508 /* UIKit.framework in Frameworks */ = {isa = PBXBuildFile; fileRef = CAA506D515563224001F2508 /* UIKit.framework */; };
		CAA5070415563224001F2508 /* Foundation.framework in Frameworks */ = {isa = PBXBuildFile; fileRef = CAA506D715563224001F2508 /* Foundation.framework */; };
		CAA5070C15563224001F2508 /* InfoPlist.strings in Resources */ = {isa = PBXBuildFile; fileRef = CAA5070A15563224001F2508 /* InfoPlist.strings */; };
		CAA5070F15563224001F2508 /* IosDayToDayTests.m in Sources */ = {isa = PBXBuildFile; fileRef = CAA5070E15563224001F2508 /* IosDayToDayTests.m */; };
		CAE583D1155A10FA00D9BC3A /* DateWrap.m in Sources */ = {isa = PBXBuildFile; fileRef = CAE583D0155A10FA00D9BC3A /* DateWrap.m */; };
		F3600BF817FF9F8A0064DE2F /* Images.xcassets in Resources */ = {isa = PBXBuildFile; fileRef = F3600BF717FF9F8A0064DE2F /* Images.xcassets */; };
/* End PBXBuildFile section */

/* Begin PBXContainerItemProxy section */
		CAA5070515563224001F2508 /* PBXContainerItemProxy */ = {
			isa = PBXContainerItemProxy;
			containerPortal = CAA506C815563223001F2508 /* Project object */;
			proxyType = 1;
			remoteGlobalIDString = CAA506D015563224001F2508;
			remoteInfo = IosDayToDay;
		};
/* End PBXContainerItemProxy section */

/* Begin PBXFileReference section */
		344E1F691E8DBB4100901524 /* Main.storyboard */ = {isa = PBXFileReference; fileEncoding = 4; lastKnownFileType = file.storyboard; path = Main.storyboard; sourceTree = "<group>"; };
		344E1F6C1E8DBD1600901524 /* DoneBar.h */ = {isa = PBXFileReference; fileEncoding = 4; lastKnownFileType = sourcecode.c.h; path = DoneBar.h; sourceTree = "<group>"; };
		344E1F6D1E8DBD1600901524 /* DoneBar.m */ = {isa = PBXFileReference; fileEncoding = 4; lastKnownFileType = sourcecode.c.objc; path = DoneBar.m; sourceTree = "<group>"; };
		344E1F6F1E8DBEF200901524 /* Launch.storyboard */ = {isa = PBXFileReference; fileEncoding = 4; lastKnownFileType = file.storyboard; path = Launch.storyboard; sourceTree = "<group>"; };
		344E1F711E8DCAD900901524 /* DaysTextField.h */ = {isa = PBXFileReference; fileEncoding = 4; lastKnownFileType = sourcecode.c.h; path = DaysTextField.h; sourceTree = "<group>"; };
		344E1F721E8DCAD900901524 /* DaysTextField.m */ = {isa = PBXFileReference; fileEncoding = 4; lastKnownFileType = sourcecode.c.objc; path = DaysTextField.m; sourceTree = "<group>"; };
		344E1F741E8DCC5100901524 /* DateTextField.h */ = {isa = PBXFileReference; fileEncoding = 4; lastKnownFileType = sourcecode.c.h; path = DateTextField.h; sourceTree = "<group>"; };
		344E1F751E8DCC5100901524 /* DateTextField.m */ = {isa = PBXFileReference; fileEncoding = 4; lastKnownFileType = sourcecode.c.objc; path = DateTextField.m; sourceTree = "<group>"; };
		344E1F771E8DDEBD00901524 /* TextFieldContainerView.h */ = {isa = PBXFileReference; fileEncoding = 4; lastKnownFileType = sourcecode.c.h; path = TextFieldContainerView.h; sourceTree = "<group>"; };
		344E1F781E8DDEBD00901524 /* TextFieldContainerView.m */ = {isa = PBXFileReference; fileEncoding = 4; lastKnownFileType = sourcecode.c.objc; path = TextFieldContainerView.m; sourceTree = "<group>"; };
		344E1F7A1E8DE2DB00901524 /* BaseViewController.h */ = {isa = PBXFileReference; fileEncoding = 4; lastKnownFileType = sourcecode.c.h; path = BaseViewController.h; sourceTree = "<group>"; };
		344E1F7B1E8DE2DB00901524 /* BaseViewController.m */ = {isa = PBXFileReference; fileEncoding = 4; lastKnownFileType = sourcecode.c.objc; path = BaseViewController.m; sourceTree = "<group>"; };
		CA5F34091696837C0053FBD2 /* QuartzCore.framework */ = {isa = PBXFileReference; lastKnownFileType = wrapper.framework; name = QuartzCore.framework; path = System/Library/Frameworks/QuartzCore.framework; sourceTree = SDKROOT; };
		CAA506D115563224001F2508 /* DayToDay.app */ = {isa = PBXFileReference; explicitFileType = wrapper.application; includeInIndex = 0; path = DayToDay.app; sourceTree = BUILT_PRODUCTS_DIR; };
		CAA506D515563224001F2508 /* UIKit.framework */ = {isa = PBXFileReference; lastKnownFileType = wrapper.framework; name = UIKit.framework; path = System/Library/Frameworks/UIKit.framework; sourceTree = SDKROOT; };
		CAA506D715563224001F2508 /* Foundation.framework */ = {isa = PBXFileReference; lastKnownFileType = wrapper.framework; name = Foundation.framework; path = System/Library/Frameworks/Foundation.framework; sourceTree = SDKROOT; };
		CAA506D915563224001F2508 /* CoreGraphics.framework */ = {isa = PBXFileReference; lastKnownFileType = wrapper.framework; name = CoreGraphics.framework; path = System/Library/Frameworks/CoreGraphics.framework; sourceTree = SDKROOT; };
		CAA506DD15563224001F2508 /* IosDayToDay-Info.plist */ = {isa = PBXFileReference; lastKnownFileType = text.plist.xml; path = "IosDayToDay-Info.plist"; sourceTree = "<group>"; };
		CAA506DF15563224001F2508 /* en */ = {isa = PBXFileReference; lastKnownFileType = text.plist.strings; name = en; path = en.lproj/InfoPlist.strings; sourceTree = "<group>"; };
		CAA506E115563224001F2508 /* main.m */ = {isa = PBXFileReference; lastKnownFileType = sourcecode.c.objc; path = main.m; sourceTree = "<group>"; };
		CAA506E315563224001F2508 /* IosDayToDay-Prefix.pch */ = {isa = PBXFileReference; lastKnownFileType = sourcecode.c.h; path = "IosDayToDay-Prefix.pch"; sourceTree = "<group>"; };
		CAA506E415563224001F2508 /* AppDelegate.h */ = {isa = PBXFileReference; lastKnownFileType = sourcecode.c.h; path = AppDelegate.h; sourceTree = "<group>"; };
		CAA506E515563224001F2508 /* AppDelegate.m */ = {isa = PBXFileReference; lastKnownFileType = sourcecode.c.objc; path = AppDelegate.m; sourceTree = "<group>"; };
		CAA506ED15563224001F2508 /* FromDateViewController.h */ = {isa = PBXFileReference; lastKnownFileType = sourcecode.c.h; path = FromDateViewController.h; sourceTree = "<group>"; };
		CAA506EE15563224001F2508 /* FromDateViewController.m */ = {isa = PBXFileReference; lastKnownFileType = sourcecode.c.objc; path = FromDateViewController.m; sourceTree = "<group>"; };
		CAA506F415563224001F2508 /* BetweenDatesViewController.h */ = {isa = PBXFileReference; lastKnownFileType = sourcecode.c.h; path = BetweenDatesViewController.h; sourceTree = "<group>"; };
		CAA506F515563224001F2508 /* BetweenDatesViewController.m */ = {isa = PBXFileReference; lastKnownFileType = sourcecode.c.objc; path = BetweenDatesViewController.m; sourceTree = "<group>"; };
		CAA5070015563224001F2508 /* IosDayToDayTests.xctest */ = {isa = PBXFileReference; explicitFileType = wrapper.cfbundle; includeInIndex = 0; path = IosDayToDayTests.xctest; sourceTree = BUILT_PRODUCTS_DIR; };
		CAA5070915563224001F2508 /* IosDayToDayTests-Info.plist */ = {isa = PBXFileReference; lastKnownFileType = text.plist.xml; path = "IosDayToDayTests-Info.plist"; sourceTree = "<group>"; };
		CAA5070B15563224001F2508 /* en */ = {isa = PBXFileReference; lastKnownFileType = text.plist.strings; name = en; path = en.lproj/InfoPlist.strings; sourceTree = "<group>"; };
		CAA5070D15563224001F2508 /* IosDayToDayTests.h */ = {isa = PBXFileReference; lastKnownFileType = sourcecode.c.h; path = IosDayToDayTests.h; sourceTree = "<group>"; };
		CAA5070E15563224001F2508 /* IosDayToDayTests.m */ = {isa = PBXFileReference; lastKnownFileType = sourcecode.c.objc; path = IosDayToDayTests.m; sourceTree = "<group>"; };
		CAE583CF155A10FA00D9BC3A /* DateWrap.h */ = {isa = PBXFileReference; fileEncoding = 4; lastKnownFileType = sourcecode.c.h; path = DateWrap.h; sourceTree = "<group>"; };
		CAE583D0155A10FA00D9BC3A /* DateWrap.m */ = {isa = PBXFileReference; fileEncoding = 4; lastKnownFileType = sourcecode.c.objc; path = DateWrap.m; sourceTree = "<group>"; };
		F3600BF717FF9F8A0064DE2F /* Images.xcassets */ = {isa = PBXFileReference; lastKnownFileType = folder.assetcatalog; path = Images.xcassets; sourceTree = "<group>"; };
/* End PBXFileReference section */

/* Begin PBXFrameworksBuildPhase section */
		CAA506CE15563224001F2508 /* Frameworks */ = {
			isa = PBXFrameworksBuildPhase;
			buildActionMask = 2147483647;
			files = (
				CA5F340A1696837C0053FBD2 /* QuartzCore.framework in Frameworks */,
				CAA506D615563224001F2508 /* UIKit.framework in Frameworks */,
				CAA506D815563224001F2508 /* Foundation.framework in Frameworks */,
				CAA506DA15563224001F2508 /* CoreGraphics.framework in Frameworks */,
			);
			runOnlyForDeploymentPostprocessing = 0;
		};
		CAA506FC15563224001F2508 /* Frameworks */ = {
			isa = PBXFrameworksBuildPhase;
			buildActionMask = 2147483647;
			files = (
				CAA5070315563224001F2508 /* UIKit.framework in Frameworks */,
				CAA5070415563224001F2508 /* Foundation.framework in Frameworks */,
			);
			runOnlyForDeploymentPostprocessing = 0;
		};
/* End PBXFrameworksBuildPhase section */

/* Begin PBXGroup section */
		344E1F6B1E8DBC7500901524 /* Views */ = {
			isa = PBXGroup;
			children = (
				344E1F6C1E8DBD1600901524 /* DoneBar.h */,
				344E1F6D1E8DBD1600901524 /* DoneBar.m */,
				344E1F711E8DCAD900901524 /* DaysTextField.h */,
				344E1F721E8DCAD900901524 /* DaysTextField.m */,
				344E1F741E8DCC5100901524 /* DateTextField.h */,
				344E1F751E8DCC5100901524 /* DateTextField.m */,
				344E1F771E8DDEBD00901524 /* TextFieldContainerView.h */,
				344E1F781E8DDEBD00901524 /* TextFieldContainerView.m */,
			);
			name = Views;
			sourceTree = "<group>";
		};
		CAA506C615563223001F2508 = {
			isa = PBXGroup;
			children = (
				CAA506DB15563224001F2508 /* IosDayToDay */,
				CAA5070715563224001F2508 /* IosDayToDayTests */,
				CAA506D415563224001F2508 /* Frameworks */,
				CAA506D215563224001F2508 /* Products */,
			);
			sourceTree = "<group>";
		};
		CAA506D215563224001F2508 /* Products */ = {
			isa = PBXGroup;
			children = (
				CAA506D115563224001F2508 /* DayToDay.app */,
				CAA5070015563224001F2508 /* IosDayToDayTests.xctest */,
			);
			name = Products;
			sourceTree = "<group>";
		};
		CAA506D415563224001F2508 /* Frameworks */ = {
			isa = PBXGroup;
			children = (
				CA5F34091696837C0053FBD2 /* QuartzCore.framework */,
				CAA506D515563224001F2508 /* UIKit.framework */,
				CAA506D715563224001F2508 /* Foundation.framework */,
				CAA506D915563224001F2508 /* CoreGraphics.framework */,
			);
			name = Frameworks;
			sourceTree = "<group>";
		};
		CAA506DB15563224001F2508 /* IosDayToDay */ = {
			isa = PBXGroup;
			children = (
				F3600BFA17FFA15D0064DE2F /* Date Math */,
				344E1F6B1E8DBC7500901524 /* Views */,
				F3600BF917FFA1330064DE2F /* Controllers */,
				F357D7711803BC10009176A7 /* Storyboards */,
				CAA506E415563224001F2508 /* AppDelegate.h */,
				CAA506E515563224001F2508 /* AppDelegate.m */,
				F3600BF717FF9F8A0064DE2F /* Images.xcassets */,
				CAA506DC15563224001F2508 /* Supporting Files */,
			);
			path = IosDayToDay;
			sourceTree = "<group>";
		};
		CAA506DC15563224001F2508 /* Supporting Files */ = {
			isa = PBXGroup;
			children = (
				CAA506DD15563224001F2508 /* IosDayToDay-Info.plist */,
				CAA506DE15563224001F2508 /* InfoPlist.strings */,
				CAA506E115563224001F2508 /* main.m */,
				CAA506E315563224001F2508 /* IosDayToDay-Prefix.pch */,
			);
			name = "Supporting Files";
			sourceTree = "<group>";
		};
		CAA5070715563224001F2508 /* IosDayToDayTests */ = {
			isa = PBXGroup;
			children = (
				CAA5070D15563224001F2508 /* IosDayToDayTests.h */,
				CAA5070E15563224001F2508 /* IosDayToDayTests.m */,
				CAA5070815563224001F2508 /* Supporting Files */,
			);
			path = IosDayToDayTests;
			sourceTree = "<group>";
		};
		CAA5070815563224001F2508 /* Supporting Files */ = {
			isa = PBXGroup;
			children = (
				CAA5070915563224001F2508 /* IosDayToDayTests-Info.plist */,
				CAA5070A15563224001F2508 /* InfoPlist.strings */,
			);
			name = "Supporting Files";
			sourceTree = "<group>";
		};
		F357D7711803BC10009176A7 /* Storyboards */ = {
			isa = PBXGroup;
			children = (
				344E1F6F1E8DBEF200901524 /* Launch.storyboard */,
				344E1F691E8DBB4100901524 /* Main.storyboard */,
			);
			name = Storyboards;
			sourceTree = "<group>";
		};
		F3600BF917FFA1330064DE2F /* Controllers */ = {
			isa = PBXGroup;
			children = (
				344E1F7A1E8DE2DB00901524 /* BaseViewController.h */,
				344E1F7B1E8DE2DB00901524 /* BaseViewController.m */,
				CAA506ED15563224001F2508 /* FromDateViewController.h */,
				CAA506EE15563224001F2508 /* FromDateViewController.m */,
				CAA506F415563224001F2508 /* BetweenDatesViewController.h */,
				CAA506F515563224001F2508 /* BetweenDatesViewController.m */,
			);
			name = Controllers;
			sourceTree = "<group>";
		};
		F3600BFA17FFA15D0064DE2F /* Date Math */ = {
			isa = PBXGroup;
			children = (
				CAE583CF155A10FA00D9BC3A /* DateWrap.h */,
				CAE583D0155A10FA00D9BC3A /* DateWrap.m */,
			);
			name = "Date Math";
			sourceTree = "<group>";
		};
/* End PBXGroup section */

/* Begin PBXNativeTarget section */
		CAA506D015563224001F2508 /* IosDayToDay */ = {
			isa = PBXNativeTarget;
			buildConfigurationList = CAA5071215563224001F2508 /* Build configuration list for PBXNativeTarget "IosDayToDay" */;
			buildPhases = (
				CAA506CD15563224001F2508 /* Sources */,
				CAA506CE15563224001F2508 /* Frameworks */,
				CAA506CF15563224001F2508 /* Resources */,
			);
			buildRules = (
			);
			dependencies = (
			);
			name = IosDayToDay;
			productName = IosDayToDay;
			productReference = CAA506D115563224001F2508 /* DayToDay.app */;
			productType = "com.apple.product-type.application";
		};
		CAA506FF15563224001F2508 /* IosDayToDayTests */ = {
			isa = PBXNativeTarget;
			buildConfigurationList = CAA5071515563224001F2508 /* Build configuration list for PBXNativeTarget "IosDayToDayTests" */;
			buildPhases = (
				CAA506FB15563224001F2508 /* Sources */,
				CAA506FC15563224001F2508 /* Frameworks */,
				CAA506FD15563224001F2508 /* Resources */,
				CAA506FE15563224001F2508 /* ShellScript */,
			);
			buildRules = (
			);
			dependencies = (
				CAA5070615563224001F2508 /* PBXTargetDependency */,
			);
			name = IosDayToDayTests;
			productName = IosDayToDayTests;
			productReference = CAA5070015563224001F2508 /* IosDayToDayTests.xctest */;
			productType = "com.apple.product-type.bundle.unit-test";
		};
/* End PBXNativeTarget section */

/* Begin PBXProject section */
		CAA506C815563223001F2508 /* Project object */ = {
			isa = PBXProject;
			attributes = {
				LastTestingUpgradeCheck = 0610;
				LastUpgradeCheck = 0830;
				TargetAttributes = {
					CAA506D015563224001F2508 = {
						DevelopmentTeam = XMFN7464E4;
					};
				};
			};
			buildConfigurationList = CAA506CB15563223001F2508 /* Build configuration list for PBXProject "IosDayToDay" */;
			compatibilityVersion = "Xcode 3.2";
			developmentRegion = English;
			hasScannedForEncodings = 0;
			knownRegions = (
				en,
			);
			mainGroup = CAA506C615563223001F2508;
			productRefGroup = CAA506D215563224001F2508 /* Products */;
			projectDirPath = "";
			projectRoot = "";
			targets = (
				CAA506D015563224001F2508 /* IosDayToDay */,
				CAA506FF15563224001F2508 /* IosDayToDayTests */,
			);
		};
/* End PBXProject section */

/* Begin PBXResourcesBuildPhase section */
		CAA506CF15563224001F2508 /* Resources */ = {
			isa = PBXResourcesBuildPhase;
			buildActionMask = 2147483647;
			files = (
				CAA506E015563224001F2508 /* InfoPlist.strings in Resources */,
				344E1F6A1E8DBB4100901524 /* Main.storyboard in Resources */,
				F3600BF817FF9F8A0064DE2F /* Images.xcassets in Resources */,
				344E1F701E8DBEF200901524 /* Launch.storyboard in Resources */,
			);
			runOnlyForDeploymentPostprocessing = 0;
		};
		CAA506FD15563224001F2508 /* Resources */ = {
			isa = PBXResourcesBuildPhase;
			buildActionMask = 2147483647;
			files = (
				CAA5070C15563224001F2508 /* InfoPlist.strings in Resources */,
			);
			runOnlyForDeploymentPostprocessing = 0;
		};
/* End PBXResourcesBuildPhase section */

/* Begin PBXShellScriptBuildPhase section */
		CAA506FE15563224001F2508 /* ShellScript */ = {
			isa = PBXShellScriptBuildPhase;
			buildActionMask = 2147483647;
			files = (
			);
			inputPaths = (
			);
			outputPaths = (
			);
			runOnlyForDeploymentPostprocessing = 0;
			shellPath = /bin/sh;
			shellScript = "# Run the unit tests in this test bundle.\n\"${SYSTEM_DEVELOPER_DIR}/Tools/RunUnitTests\"\n";
		};
/* End PBXShellScriptBuildPhase section */

/* Begin PBXSourcesBuildPhase section */
		CAA506CD15563224001F2508 /* Sources */ = {
			isa = PBXSourcesBuildPhase;
			buildActionMask = 2147483647;
			files = (
				344E1F6E1E8DBD1600901524 /* DoneBar.m in Sources */,
				344E1F7C1E8DE2DB00901524 /* BaseViewController.m in Sources */,
				344E1F761E8DCC5100901524 /* DateTextField.m in Sources */,
				CAA506E215563224001F2508 /* main.m in Sources */,
				CAA506E615563224001F2508 /* AppDelegate.m in Sources */,
				CAA506EF15563224001F2508 /* FromDateViewController.m in Sources */,
				344E1F731E8DCAD900901524 /* DaysTextField.m in Sources */,
				344E1F791E8DDEBD00901524 /* TextFieldContainerView.m in Sources */,
				CAA506F615563224001F2508 /* BetweenDatesViewController.m in Sources */,
				CAE583D1155A10FA00D9BC3A /* DateWrap.m in Sources */,
			);
			runOnlyForDeploymentPostprocessing = 0;
		};
		CAA506FB15563224001F2508 /* Sources */ = {
			isa = PBXSourcesBuildPhase;
			buildActionMask = 2147483647;
			files = (
				CAA5070F15563224001F2508 /* IosDayToDayTests.m in Sources */,
			);
			runOnlyForDeploymentPostprocessing = 0;
		};
/* End PBXSourcesBuildPhase section */

/* Begin PBXTargetDependency section */
		CAA5070615563224001F2508 /* PBXTargetDependency */ = {
			isa = PBXTargetDependency;
			target = CAA506D015563224001F2508 /* IosDayToDay */;
			targetProxy = CAA5070515563224001F2508 /* PBXContainerItemProxy */;
		};
/* End PBXTargetDependency section */

/* Begin PBXVariantGroup section */
		CAA506DE15563224001F2508 /* InfoPlist.strings */ = {
			isa = PBXVariantGroup;
			children = (
				CAA506DF15563224001F2508 /* en */,
			);
			name = InfoPlist.strings;
			sourceTree = "<group>";
		};
		CAA5070A15563224001F2508 /* InfoPlist.strings */ = {
			isa = PBXVariantGroup;
			children = (
				CAA5070B15563224001F2508 /* en */,
			);
			name = InfoPlist.strings;
			sourceTree = "<group>";
		};
/* End PBXVariantGroup section */

/* Begin XCBuildConfiguration section */
		CAA5071015563224001F2508 /* Debug */ = {
			isa = XCBuildConfiguration;
			buildSettings = {
				ALWAYS_SEARCH_USER_PATHS = NO;
				CLANG_ENABLE_OBJC_ARC = YES;
				CLANG_WARN_BOOL_CONVERSION = YES;
				CLANG_WARN_CONSTANT_CONVERSION = YES;
				CLANG_WARN_EMPTY_BODY = YES;
				CLANG_WARN_ENUM_CONVERSION = YES;
				CLANG_WARN_INFINITE_RECURSION = YES;
				CLANG_WARN_INT_CONVERSION = YES;
				CLANG_WARN_SUSPICIOUS_MOVE = YES;
				CLANG_WARN_UNREACHABLE_CODE = YES;
				CLANG_WARN__DUPLICATE_METHOD_MATCH = YES;
				"CODE_SIGN_IDENTITY[sdk=iphoneos*]" = "iPhone Developer";
				COPY_PHASE_STRIP = NO;
				ENABLE_STRICT_OBJC_MSGSEND = YES;
				ENABLE_TESTABILITY = YES;
				GCC_C_LANGUAGE_STANDARD = gnu99;
				GCC_DYNAMIC_NO_PIC = NO;
				GCC_NO_COMMON_BLOCKS = YES;
				GCC_OPTIMIZATION_LEVEL = 0;
				GCC_PREPROCESSOR_DEFINITIONS = (
					"DEBUG=1",
					"$(inherited)",
				);
				GCC_SYMBOLS_PRIVATE_EXTERN = NO;
				GCC_VERSION = com.apple.compilers.llvm.clang.1_0;
				GCC_WARN_64_TO_32_BIT_CONVERSION = YES;
				GCC_WARN_ABOUT_MISSING_PROTOTYPES = YES;
				GCC_WARN_ABOUT_RETURN_TYPE = YES;
				GCC_WARN_UNDECLARED_SELECTOR = YES;
				GCC_WARN_UNINITIALIZED_AUTOS = YES;
				GCC_WARN_UNUSED_FUNCTION = YES;
				GCC_WARN_UNUSED_VARIABLE = YES;
				IPHONEOS_DEPLOYMENT_TARGET = 8.1;
				ONLY_ACTIVE_ARCH = YES;
				SDKROOT = iphoneos;
				TARGETED_DEVICE_FAMILY = "1,2";
			};
			name = Debug;
		};
		CAA5071115563224001F2508 /* Release */ = {
			isa = XCBuildConfiguration;
			buildSettings = {
				ALWAYS_SEARCH_USER_PATHS = NO;
				CLANG_ENABLE_OBJC_ARC = YES;
				CLANG_WARN_BOOL_CONVERSION = YES;
				CLANG_WARN_CONSTANT_CONVERSION = YES;
				CLANG_WARN_EMPTY_BODY = YES;
				CLANG_WARN_ENUM_CONVERSION = YES;
				CLANG_WARN_INFINITE_RECURSION = YES;
				CLANG_WARN_INT_CONVERSION = YES;
				CLANG_WARN_SUSPICIOUS_MOVE = YES;
				CLANG_WARN_UNREACHABLE_CODE = YES;
				CLANG_WARN__DUPLICATE_METHOD_MATCH = YES;
				CODE_SIGN_IDENTITY = "";
				"CODE_SIGN_IDENTITY[sdk=iphoneos*]" = "iPhone Developer";
				COPY_PHASE_STRIP = YES;
				ENABLE_STRICT_OBJC_MSGSEND = YES;
				GCC_C_LANGUAGE_STANDARD = gnu99;
				GCC_NO_COMMON_BLOCKS = YES;
				GCC_VERSION = com.apple.compilers.llvm.clang.1_0;
				GCC_WARN_64_TO_32_BIT_CONVERSION = YES;
				GCC_WARN_ABOUT_MISSING_PROTOTYPES = YES;
				GCC_WARN_ABOUT_RETURN_TYPE = YES;
				GCC_WARN_UNDECLARED_SELECTOR = YES;
				GCC_WARN_UNINITIALIZED_AUTOS = YES;
				GCC_WARN_UNUSED_FUNCTION = YES;
				GCC_WARN_UNUSED_VARIABLE = YES;
				IPHONEOS_DEPLOYMENT_TARGET = 8.1;
				OTHER_CFLAGS = "-DNS_BLOCK_ASSERTIONS=1";
				PROVISIONING_PROFILE = "";
				"PROVISIONING_PROFILE[sdk=iphoneos*]" = "";
				SDKROOT = iphoneos;
				TARGETED_DEVICE_FAMILY = "1,2";
				VALIDATE_PRODUCT = YES;
			};
			name = Release;
		};
		CAA5071315563224001F2508 /* Debug */ = {
			isa = XCBuildConfiguration;
			buildSettings = {
				ASSETCATALOG_COMPILER_APPICON_NAME = AppIcon;
				CODE_SIGN_IDENTITY = "iPhone Developer";
				"CODE_SIGN_IDENTITY[sdk=iphoneos*]" = "iPhone Developer";
				GCC_PRECOMPILE_PREFIX_HEADER = YES;
				GCC_PREFIX_HEADER = "IosDayToDay/IosDayToDay-Prefix.pch";
				INFOPLIST_FILE = "IosDayToDay/IosDayToDay-Info.plist";
				IPHONEOS_DEPLOYMENT_TARGET = 9.0;
				PRODUCT_BUNDLE_IDENTIFIER = "mobi.daytoday.${PRODUCT_NAME:rfc1034identifier}";
				PRODUCT_NAME = DayToDay;
				PROVISIONING_PROFILE = "";
				WRAPPER_EXTENSION = app;
			};
			name = Debug;
		};
		CAA5071415563224001F2508 /* Release */ = {
			isa = XCBuildConfiguration;
			buildSettings = {
				ASSETCATALOG_COMPILER_APPICON_NAME = AppIcon;
				CODE_SIGN_IDENTITY = "iPhone Developer";
				"CODE_SIGN_IDENTITY[sdk=iphoneos*]" = "iPhone Developer";
				GCC_PRECOMPILE_PREFIX_HEADER = YES;
				GCC_PREFIX_HEADER = "IosDayToDay/IosDayToDay-Prefix.pch";
				INFOPLIST_FILE = "IosDayToDay/IosDayToDay-Info.plist";
				IPHONEOS_DEPLOYMENT_TARGET = 9.0;
				PRODUCT_BUNDLE_IDENTIFIER = "mobi.daytoday.${PRODUCT_NAME:rfc1034identifier}";
				PRODUCT_NAME = DayToDay;
				PROVISIONING_PROFILE = "";
				"PROVISIONING_PROFILE[sdk=iphoneos*]" = "";
				WRAPPER_EXTENSION = app;
			};
			name = Release;
		};
		CAA5071615563224001F2508 /* Debug */ = {
			isa = XCBuildConfiguration;
			buildSettings = {
				BUNDLE_LOADER = "$(BUILT_PRODUCTS_DIR)/IosDayToDay.app/IosDayToDay";
				FRAMEWORK_SEARCH_PATHS = (
					"$(SDKROOT)/Developer/Library/Frameworks",
					"$(inherited)",
				);
				GCC_PRECOMPILE_PREFIX_HEADER = YES;
				GCC_PREFIX_HEADER = "IosDayToDay/IosDayToDay-Prefix.pch";
				INFOPLIST_FILE = "IosDayToDayTests/IosDayToDayTests-Info.plist";
				PRODUCT_BUNDLE_IDENTIFIER = "mobi.daytoday.${PRODUCT_NAME:rfc1034identifier}";
				PRODUCT_NAME = "$(TARGET_NAME)";
				TEST_HOST = "$(BUNDLE_LOADER)";
			};
			name = Debug;
		};
		CAA5071715563224001F2508 /* Release */ = {
			isa = XCBuildConfiguration;
			buildSettings = {
				BUNDLE_LOADER = "$(BUILT_PRODUCTS_DIR)/IosDayToDay.app/IosDayToDay";
				FRAMEWORK_SEARCH_PATHS = (
					"$(SDKROOT)/Developer/Library/Frameworks",
					"$(inherited)",
				);
				GCC_PRECOMPILE_PREFIX_HEADER = YES;
				GCC_PREFIX_HEADER = "IosDayToDay/IosDayToDay-Prefix.pch";
				INFOPLIST_FILE = "IosDayToDayTests/IosDayToDayTests-Info.plist";
				PRODUCT_BUNDLE_IDENTIFIER = "mobi.daytoday.${PRODUCT_NAME:rfc1034identifier}";
				PRODUCT_NAME = "$(TARGET_NAME)";
				TEST_HOST = "$(BUNDLE_LOADER)";
			};
			name = Release;
		};
/* End XCBuildConfiguration section */

/* Begin XCConfigurationList section */
		CAA506CB15563223001F2508 /* Build configuration list for PBXProject "IosDayToDay" */ = {
			isa = XCConfigurationList;
			buildConfigurations = (
				CAA5071015563224001F2508 /* Debug */,
				CAA5071115563224001F2508 /* Release */,
			);
			defaultConfigurationIsVisible = 0;
			defaultConfigurationName = Release;
		};
		CAA5071215563224001F2508 /* Build configuration list for PBXNativeTarget "IosDayToDay" */ = {
			isa = XCConfigurationList;
			buildConfigurations = (
				CAA5071315563224001F2508 /* Debug */,
				CAA5071415563224001F2508 /* Release */,
			);
			defaultConfigurationIsVisible = 0;
			defaultConfigurationName = Release;
		};
		CAA5071515563224001F2508 /* Build configuration list for PBXNativeTarget "IosDayToDayTests" */ = {
			isa = XCConfigurationList;
			buildConfigurations = (
				CAA5071615563224001F2508 /* Debug */,
				CAA5071715563224001F2508 /* Release */,
			);
			defaultConfigurationIsVisible = 0;
			defaultConfigurationName = Release;
		};
/* End XCConfigurationList section */
	};
	rootObject = CAA506C815563223001F2508 /* Project object */;
}
