// !$*UTF8*$!
{
	archiveVersion = 1;
	classes = {
	};
	objectVersion = 46;
	objects = {

/* Begin PBXBuildFile section */
		CA18904316471CB400C40B6C /* DateChooserViewController.m in Sources */ = {isa = PBXBuildFile; fileRef = CA18904216471CB400C40B6C /* DateChooserViewController.m */; };
		CA1890491647574100C40B6C /* DateChooserViewController.m in Sources */ = {isa = PBXBuildFile; fileRef = CA18904216471CB400C40B6C /* DateChooserViewController.m */; };
		CA5F340A1696837C0053FBD2 /* QuartzCore.framework in Frameworks */ = {isa = PBXBuildFile; fileRef = CA5F34091696837C0053FBD2 /* QuartzCore.framework */; };
		CA5F57E0168B2B33003E40F2 /* DayToDayIOS114.png in Resources */ = {isa = PBXBuildFile; fileRef = CA5F57DF168B2B33003E40F2 /* DayToDayIOS114.png */; };
		CA5F57E3168B2B74003E40F2 /* DayToDayIOS57.png in Resources */ = {isa = PBXBuildFile; fileRef = CA5F57E2168B2B74003E40F2 /* DayToDayIOS57.png */; };
		CA9D13CA16AF7B910012F918 /* between_dates_32x32.png in Resources */ = {isa = PBXBuildFile; fileRef = CA9D13C916AF7B910012F918 /* between_dates_32x32.png */; };
		CA9D13D616AF89BF0012F918 /* between_dates_32x32.png in Resources */ = {isa = PBXBuildFile; fileRef = CA9D13C916AF7B910012F918 /* between_dates_32x32.png */; };
		CA9D13DA16AF8E330012F918 /* Default-568h@2x.png in Resources */ = {isa = PBXBuildFile; fileRef = CA6B092A1651F58300408B4C /* Default-568h@2x.png */; };
		CA9D13DC16AF8FD50012F918 /* Default@2x.png in Resources */ = {isa = PBXBuildFile; fileRef = CA9D13DB16AF8FD50012F918 /* Default@2x.png */; };
		CA9D13DD16AF8FE30012F918 /* Default@2x.png in Resources */ = {isa = PBXBuildFile; fileRef = CA9D13DB16AF8FD50012F918 /* Default@2x.png */; };
		CA9D13E116AF911C0012F918 /* Default-Portrait@2x~ipad.png in Resources */ = {isa = PBXBuildFile; fileRef = CA9D13E016AF911C0012F918 /* Default-Portrait@2x~ipad.png */; };
		CA9D13E316AF92220012F918 /* Default-Landscape@2x~ipad.png in Resources */ = {isa = PBXBuildFile; fileRef = CA9D13E216AF92220012F918 /* Default-Landscape@2x~ipad.png */; };
		CA9D13E416AF92340012F918 /* Default-Landscape@2x~ipad.png in Resources */ = {isa = PBXBuildFile; fileRef = CA9D13E216AF92220012F918 /* Default-Landscape@2x~ipad.png */; };
		CA9D13E616B0CA420012F918 /* Default.png in Resources */ = {isa = PBXBuildFile; fileRef = CA9D13E516B0CA420012F918 /* Default.png */; };
		CA9D13E716B0CA520012F918 /* Default.png in Resources */ = {isa = PBXBuildFile; fileRef = CA9D13E516B0CA420012F918 /* Default.png */; };
		CA9D13EB16B0CB080012F918 /* Default-Portrait~ipad.png in Resources */ = {isa = PBXBuildFile; fileRef = CA9D13EA16B0CB080012F918 /* Default-Portrait~ipad.png */; };
		CA9D13ED16B0CBCC0012F918 /* Default-Landscape~ipad.png in Resources */ = {isa = PBXBuildFile; fileRef = CA9D13EC16B0CBCC0012F918 /* Default-Landscape~ipad.png */; };
		CA9D13EE16B0CC070012F918 /* Default-Landscape~ipad.png in Resources */ = {isa = PBXBuildFile; fileRef = CA9D13EC16B0CBCC0012F918 /* Default-Landscape~ipad.png */; };
		CA9D8069168BF00C00B97C2A /* DayToDayIOS72.png in Resources */ = {isa = PBXBuildFile; fileRef = CA9D8068168BF00C00B97C2A /* DayToDayIOS72.png */; };
		CA9D806B168BF01000B97C2A /* DayToDayIOS144.png in Resources */ = {isa = PBXBuildFile; fileRef = CA9D806A168BF01000B97C2A /* DayToDayIOS144.png */; };
		CAA506D615563224001F2508 /* UIKit.framework in Frameworks */ = {isa = PBXBuildFile; fileRef = CAA506D515563224001F2508 /* UIKit.framework */; };
		CAA506D815563224001F2508 /* Foundation.framework in Frameworks */ = {isa = PBXBuildFile; fileRef = CAA506D715563224001F2508 /* Foundation.framework */; };
		CAA506DA15563224001F2508 /* CoreGraphics.framework in Frameworks */ = {isa = PBXBuildFile; fileRef = CAA506D915563224001F2508 /* CoreGraphics.framework */; };
		CAA506E015563224001F2508 /* InfoPlist.strings in Resources */ = {isa = PBXBuildFile; fileRef = CAA506DE15563224001F2508 /* InfoPlist.strings */; };
		CAA506E215563224001F2508 /* main.m in Sources */ = {isa = PBXBuildFile; fileRef = CAA506E115563224001F2508 /* main.m */; };
		CAA506E615563224001F2508 /* AppDelegate.m in Sources */ = {isa = PBXBuildFile; fileRef = CAA506E515563224001F2508 /* AppDelegate.m */; };
		CAA506E915563224001F2508 /* MainStoryboard_iPhone.storyboard in Resources */ = {isa = PBXBuildFile; fileRef = CAA506E715563224001F2508 /* MainStoryboard_iPhone.storyboard */; };
		CAA506EC15563224001F2508 /* MainStoryboard_iPad.storyboard in Resources */ = {isa = PBXBuildFile; fileRef = CAA506EA15563224001F2508 /* MainStoryboard_iPad.storyboard */; };
		CAA506EF15563224001F2508 /* FromDateViewController.m in Sources */ = {isa = PBXBuildFile; fileRef = CAA506EE15563224001F2508 /* FromDateViewController.m */; };
		CAA506F615563224001F2508 /* BetweenDatesViewController.m in Sources */ = {isa = PBXBuildFile; fileRef = CAA506F515563224001F2508 /* BetweenDatesViewController.m */; };
		CAA5070215563224001F2508 /* SenTestingKit.framework in Frameworks */ = {isa = PBXBuildFile; fileRef = CAA5070115563224001F2508 /* SenTestingKit.framework */; };
		CAA5070315563224001F2508 /* UIKit.framework in Frameworks */ = {isa = PBXBuildFile; fileRef = CAA506D515563224001F2508 /* UIKit.framework */; };
		CAA5070415563224001F2508 /* Foundation.framework in Frameworks */ = {isa = PBXBuildFile; fileRef = CAA506D715563224001F2508 /* Foundation.framework */; };
		CAA5070C15563224001F2508 /* InfoPlist.strings in Resources */ = {isa = PBXBuildFile; fileRef = CAA5070A15563224001F2508 /* InfoPlist.strings */; };
		CAA5070F15563224001F2508 /* IosDayToDayTests.m in Sources */ = {isa = PBXBuildFile; fileRef = CAA5070E15563224001F2508 /* IosDayToDayTests.m */; };
		CAA5072015594E31001F2508 /* calendar_32x32.png in Resources */ = {isa = PBXBuildFile; fileRef = CAA5071F15594E31001F2508 /* calendar_32x32.png */; };
		CAE583D1155A10FA00D9BC3A /* DateWrap.m in Sources */ = {isa = PBXBuildFile; fileRef = CAE583D0155A10FA00D9BC3A /* DateWrap.m */; };
/* End PBXBuildFile section */

/* Begin PBXContainerItemProxy section */
		CAA5070515563224001F2508 /* PBXContainerItemProxy */ = {
			isa = PBXContainerItemProxy;
			containerPortal = CAA506C815563223001F2508 /* Project object */;
			proxyType = 1;
			remoteGlobalIDString = CAA506D015563224001F2508;
			remoteInfo = IosDayToDay;
		};
/* End PBXContainerItemProxy section */

/* Begin PBXFileReference section */
		CA18904116471CB400C40B6C /* DateChooserViewController.h */ = {isa = PBXFileReference; fileEncoding = 4; lastKnownFileType = sourcecode.c.h; path = DateChooserViewController.h; sourceTree = "<group>"; };
		CA18904216471CB400C40B6C /* DateChooserViewController.m */ = {isa = PBXFileReference; fileEncoding = 4; lastKnownFileType = sourcecode.c.objc; path = DateChooserViewController.m; sourceTree = "<group>"; };
		CA5F34091696837C0053FBD2 /* QuartzCore.framework */ = {isa = PBXFileReference; lastKnownFileType = wrapper.framework; name = QuartzCore.framework; path = System/Library/Frameworks/QuartzCore.framework; sourceTree = SDKROOT; };
		CA5F57DF168B2B33003E40F2 /* DayToDayIOS114.png */ = {isa = PBXFileReference; lastKnownFileType = image.png; path = DayToDayIOS114.png; sourceTree = "<group>"; };
		CA5F57E2168B2B74003E40F2 /* DayToDayIOS57.png */ = {isa = PBXFileReference; lastKnownFileType = image.png; path = DayToDayIOS57.png; sourceTree = "<group>"; };
		CA6B092A1651F58300408B4C /* Default-568h@2x.png */ = {isa = PBXFileReference; lastKnownFileType = image.png; path = "Default-568h@2x.png"; sourceTree = "<group>"; };
		CA9D13C916AF7B910012F918 /* between_dates_32x32.png */ = {isa = PBXFileReference; lastKnownFileType = image.png; name = between_dates_32x32.png; path = IosDayToDay/between_dates_32x32.png; sourceTree = "<group>"; };
		CA9D13DB16AF8FD50012F918 /* Default@2x.png */ = {isa = PBXFileReference; lastKnownFileType = image.png; path = "Default@2x.png"; sourceTree = "<group>"; };
		CA9D13E016AF911C0012F918 /* Default-Portrait@2x~ipad.png */ = {isa = PBXFileReference; lastKnownFileType = image.png; path = "Default-Portrait@2x~ipad.png"; sourceTree = "<group>"; };
		CA9D13E216AF92220012F918 /* Default-Landscape@2x~ipad.png */ = {isa = PBXFileReference; lastKnownFileType = image.png; path = "Default-Landscape@2x~ipad.png"; sourceTree = "<group>"; };
		CA9D13E516B0CA420012F918 /* Default.png */ = {isa = PBXFileReference; lastKnownFileType = image.png; path = Default.png; sourceTree = "<group>"; };
		CA9D13EA16B0CB080012F918 /* Default-Portrait~ipad.png */ = {isa = PBXFileReference; lastKnownFileType = image.png; path = "Default-Portrait~ipad.png"; sourceTree = "<group>"; };
		CA9D13EC16B0CBCC0012F918 /* Default-Landscape~ipad.png */ = {isa = PBXFileReference; lastKnownFileType = image.png; path = "Default-Landscape~ipad.png"; sourceTree = "<group>"; };
		CA9D8068168BF00C00B97C2A /* DayToDayIOS72.png */ = {isa = PBXFileReference; lastKnownFileType = image.png; path = DayToDayIOS72.png; sourceTree = "<group>"; };
		CA9D806A168BF01000B97C2A /* DayToDayIOS144.png */ = {isa = PBXFileReference; lastKnownFileType = image.png; path = DayToDayIOS144.png; sourceTree = "<group>"; };
		CAA506D115563224001F2508 /* DayToDay.app */ = {isa = PBXFileReference; explicitFileType = wrapper.application; includeInIndex = 0; path = DayToDay.app; sourceTree = BUILT_PRODUCTS_DIR; };
		CAA506D515563224001F2508 /* UIKit.framework */ = {isa = PBXFileReference; lastKnownFileType = wrapper.framework; name = UIKit.framework; path = System/Library/Frameworks/UIKit.framework; sourceTree = SDKROOT; };
		CAA506D715563224001F2508 /* Foundation.framework */ = {isa = PBXFileReference; lastKnownFileType = wrapper.framework; name = Foundation.framework; path = System/Library/Frameworks/Foundation.framework; sourceTree = SDKROOT; };
		CAA506D915563224001F2508 /* CoreGraphics.framework */ = {isa = PBXFileReference; lastKnownFileType = wrapper.framework; name = CoreGraphics.framework; path = System/Library/Frameworks/CoreGraphics.framework; sourceTree = SDKROOT; };
		CAA506DD15563224001F2508 /* IosDayToDay-Info.plist */ = {isa = PBXFileReference; lastKnownFileType = text.plist.xml; path = "IosDayToDay-Info.plist"; sourceTree = "<group>"; };
		CAA506DF15563224001F2508 /* en */ = {isa = PBXFileReference; lastKnownFileType = text.plist.strings; name = en; path = en.lproj/InfoPlist.strings; sourceTree = "<group>"; };
		CAA506E115563224001F2508 /* main.m */ = {isa = PBXFileReference; lastKnownFileType = sourcecode.c.objc; path = main.m; sourceTree = "<group>"; };
		CAA506E315563224001F2508 /* IosDayToDay-Prefix.pch */ = {isa = PBXFileReference; lastKnownFileType = sourcecode.c.h; path = "IosDayToDay-Prefix.pch"; sourceTree = "<group>"; };
		CAA506E415563224001F2508 /* AppDelegate.h */ = {isa = PBXFileReference; lastKnownFileType = sourcecode.c.h; path = AppDelegate.h; sourceTree = "<group>"; };
		CAA506E515563224001F2508 /* AppDelegate.m */ = {isa = PBXFileReference; lastKnownFileType = sourcecode.c.objc; path = AppDelegate.m; sourceTree = "<group>"; };
		CAA506E815563224001F2508 /* en */ = {isa = PBXFileReference; lastKnownFileType = file.storyboard; name = en; path = en.lproj/MainStoryboard_iPhone.storyboard; sourceTree = "<group>"; };
		CAA506EB15563224001F2508 /* en */ = {isa = PBXFileReference; lastKnownFileType = file.storyboard; name = en; path = en.lproj/MainStoryboard_iPad.storyboard; sourceTree = "<group>"; };
		CAA506ED15563224001F2508 /* FromDateViewController.h */ = {isa = PBXFileReference; lastKnownFileType = sourcecode.c.h; path = FromDateViewController.h; sourceTree = "<group>"; };
		CAA506EE15563224001F2508 /* FromDateViewController.m */ = {isa = PBXFileReference; lastKnownFileType = sourcecode.c.objc; path = FromDateViewController.m; sourceTree = "<group>"; };
		CAA506F415563224001F2508 /* BetweenDatesViewController.h */ = {isa = PBXFileReference; lastKnownFileType = sourcecode.c.h; path = BetweenDatesViewController.h; sourceTree = "<group>"; };
		CAA506F515563224001F2508 /* BetweenDatesViewController.m */ = {isa = PBXFileReference; lastKnownFileType = sourcecode.c.objc; path = BetweenDatesViewController.m; sourceTree = "<group>"; };
		CAA5070015563224001F2508 /* IosDayToDayTests.octest */ = {isa = PBXFileReference; explicitFileType = wrapper.cfbundle; includeInIndex = 0; path = IosDayToDayTests.octest; sourceTree = BUILT_PRODUCTS_DIR; };
		CAA5070115563224001F2508 /* SenTestingKit.framework */ = {isa = PBXFileReference; lastKnownFileType = wrapper.framework; name = SenTestingKit.framework; path = Library/Frameworks/SenTestingKit.framework; sourceTree = DEVELOPER_DIR; };
		CAA5070915563224001F2508 /* IosDayToDayTests-Info.plist */ = {isa = PBXFileReference; lastKnownFileType = text.plist.xml; path = "IosDayToDayTests-Info.plist"; sourceTree = "<group>"; };
		CAA5070B15563224001F2508 /* en */ = {isa = PBXFileReference; lastKnownFileType = text.plist.strings; name = en; path = en.lproj/InfoPlist.strings; sourceTree = "<group>"; };
		CAA5070D15563224001F2508 /* IosDayToDayTests.h */ = {isa = PBXFileReference; lastKnownFileType = sourcecode.c.h; path = IosDayToDayTests.h; sourceTree = "<group>"; };
		CAA5070E15563224001F2508 /* IosDayToDayTests.m */ = {isa = PBXFileReference; lastKnownFileType = sourcecode.c.objc; path = IosDayToDayTests.m; sourceTree = "<group>"; };
		CAA5071F15594E31001F2508 /* calendar_32x32.png */ = {isa = PBXFileReference; lastKnownFileType = image.png; name = calendar_32x32.png; path = IosDayToDay/calendar_32x32.png; sourceTree = "<group>"; };
		CAE583CF155A10FA00D9BC3A /* DateWrap.h */ = {isa = PBXFileReference; fileEncoding = 4; lastKnownFileType = sourcecode.c.h; path = DateWrap.h; sourceTree = "<group>"; };
		CAE583D0155A10FA00D9BC3A /* DateWrap.m */ = {isa = PBXFileReference; fileEncoding = 4; lastKnownFileType = sourcecode.c.objc; path = DateWrap.m; sourceTree = "<group>"; };
/* End PBXFileReference section */

/* Begin PBXFrameworksBuildPhase section */
		CAA506CE15563224001F2508 /* Frameworks */ = {
			isa = PBXFrameworksBuildPhase;
			buildActionMask = 2147483647;
			files = (
				CA5F340A1696837C0053FBD2 /* QuartzCore.framework in Frameworks */,
				CAA506D615563224001F2508 /* UIKit.framework in Frameworks */,
				CAA506D815563224001F2508 /* Foundation.framework in Frameworks */,
				CAA506DA15563224001F2508 /* CoreGraphics.framework in Frameworks */,
			);
			runOnlyForDeploymentPostprocessing = 0;
		};
		CAA506FC15563224001F2508 /* Frameworks */ = {
			isa = PBXFrameworksBuildPhase;
			buildActionMask = 2147483647;
			files = (
				CAA5070215563224001F2508 /* SenTestingKit.framework in Frameworks */,
				CAA5070315563224001F2508 /* UIKit.framework in Frameworks */,
				CAA5070415563224001F2508 /* Foundation.framework in Frameworks */,
			);
			runOnlyForDeploymentPostprocessing = 0;
		};
/* End PBXFrameworksBuildPhase section */

/* Begin PBXGroup section */
		CA9D806C168BF19000B97C2A /* Images */ = {
			isa = PBXGroup;
			children = (
				CA9D13C916AF7B910012F918 /* between_dates_32x32.png */,
				CAA5071F15594E31001F2508 /* calendar_32x32.png */,
				CA9D806A168BF01000B97C2A /* DayToDayIOS144.png */,
				CA9D8068168BF00C00B97C2A /* DayToDayIOS72.png */,
				CA5F57E2168B2B74003E40F2 /* DayToDayIOS57.png */,
				CA5F57DF168B2B33003E40F2 /* DayToDayIOS114.png */,
				CA9D13E516B0CA420012F918 /* Default.png */,
				CA9D13DB16AF8FD50012F918 /* Default@2x.png */,
				CA6B092A1651F58300408B4C /* Default-568h@2x.png */,
				CA9D13EA16B0CB080012F918 /* Default-Portrait~ipad.png */,
				CA9D13E016AF911C0012F918 /* Default-Portrait@2x~ipad.png */,
				CA9D13EC16B0CBCC0012F918 /* Default-Landscape~ipad.png */,
				CA9D13E216AF92220012F918 /* Default-Landscape@2x~ipad.png */,
			);
			name = Images;
			sourceTree = "<group>";
		};
		CAA506C615563223001F2508 = {
			isa = PBXGroup;
			children = (
				CA9D806C168BF19000B97C2A /* Images */,
				CAA506DB15563224001F2508 /* IosDayToDay */,
				CAA5070715563224001F2508 /* IosDayToDayTests */,
				CAA506D415563224001F2508 /* Frameworks */,
				CAA506D215563224001F2508 /* Products */,
			);
			sourceTree = "<group>";
		};
		CAA506D215563224001F2508 /* Products */ = {
			isa = PBXGroup;
			children = (
				CAA506D115563224001F2508 /* DayToDay.app */,
				CAA5070015563224001F2508 /* IosDayToDayTests.octest */,
			);
			name = Products;
			sourceTree = "<group>";
		};
		CAA506D415563224001F2508 /* Frameworks */ = {
			isa = PBXGroup;
			children = (
				CA5F34091696837C0053FBD2 /* QuartzCore.framework */,
				CAA506D515563224001F2508 /* UIKit.framework */,
				CAA506D715563224001F2508 /* Foundation.framework */,
				CAA506D915563224001F2508 /* CoreGraphics.framework */,
				CAA5070115563224001F2508 /* SenTestingKit.framework */,
			);
			name = Frameworks;
			sourceTree = "<group>";
		};
		CAA506DB15563224001F2508 /* IosDayToDay */ = {
			isa = PBXGroup;
			children = (
				CAA506E415563224001F2508 /* AppDelegate.h */,
				CAA506E515563224001F2508 /* AppDelegate.m */,
				CAA506E715563224001F2508 /* MainStoryboard_iPhone.storyboard */,
				CAA506EA15563224001F2508 /* MainStoryboard_iPad.storyboard */,
				CAA506ED15563224001F2508 /* FromDateViewController.h */,
				CAA506EE15563224001F2508 /* FromDateViewController.m */,
				CAA506F415563224001F2508 /* BetweenDatesViewController.h */,
				CAA506F515563224001F2508 /* BetweenDatesViewController.m */,
				CA18904116471CB400C40B6C /* DateChooserViewController.h */,
				CA18904216471CB400C40B6C /* DateChooserViewController.m */,
				CAE583CF155A10FA00D9BC3A /* DateWrap.h */,
				CAE583D0155A10FA00D9BC3A /* DateWrap.m */,
				CAA506DC15563224001F2508 /* Supporting Files */,
			);
			path = IosDayToDay;
			sourceTree = "<group>";
		};
		CAA506DC15563224001F2508 /* Supporting Files */ = {
			isa = PBXGroup;
			children = (
				CAA506DD15563224001F2508 /* IosDayToDay-Info.plist */,
				CAA506DE15563224001F2508 /* InfoPlist.strings */,
				CAA506E115563224001F2508 /* main.m */,
				CAA506E315563224001F2508 /* IosDayToDay-Prefix.pch */,
			);
			name = "Supporting Files";
			sourceTree = "<group>";
		};
		CAA5070715563224001F2508 /* IosDayToDayTests */ = {
			isa = PBXGroup;
			children = (
				CAA5070D15563224001F2508 /* IosDayToDayTests.h */,
				CAA5070E15563224001F2508 /* IosDayToDayTests.m */,
				CAA5070815563224001F2508 /* Supporting Files */,
			);
			path = IosDayToDayTests;
			sourceTree = "<group>";
		};
		CAA5070815563224001F2508 /* Supporting Files */ = {
			isa = PBXGroup;
			children = (
				CAA5070915563224001F2508 /* IosDayToDayTests-Info.plist */,
				CAA5070A15563224001F2508 /* InfoPlist.strings */,
			);
			name = "Supporting Files";
			sourceTree = "<group>";
		};
/* End PBXGroup section */

/* Begin PBXNativeTarget section */
		CAA506D015563224001F2508 /* IosDayToDay */ = {
			isa = PBXNativeTarget;
			buildConfigurationList = CAA5071215563224001F2508 /* Build configuration list for PBXNativeTarget "IosDayToDay" */;
			buildPhases = (
				CAA506CD15563224001F2508 /* Sources */,
				CAA506CE15563224001F2508 /* Frameworks */,
				CAA506CF15563224001F2508 /* Resources */,
			);
			buildRules = (
			);
			dependencies = (
			);
			name = IosDayToDay;
			productName = IosDayToDay;
			productReference = CAA506D115563224001F2508 /* DayToDay.app */;
			productType = "com.apple.product-type.application";
		};
		CAA506FF15563224001F2508 /* IosDayToDayTests */ = {
			isa = PBXNativeTarget;
			buildConfigurationList = CAA5071515563224001F2508 /* Build configuration list for PBXNativeTarget "IosDayToDayTests" */;
			buildPhases = (
				CAA506FB15563224001F2508 /* Sources */,
				CAA506FC15563224001F2508 /* Frameworks */,
				CAA506FD15563224001F2508 /* Resources */,
				CAA506FE15563224001F2508 /* ShellScript */,
			);
			buildRules = (
			);
			dependencies = (
				CAA5070615563224001F2508 /* PBXTargetDependency */,
			);
			name = IosDayToDayTests;
			productName = IosDayToDayTests;
			productReference = CAA5070015563224001F2508 /* IosDayToDayTests.octest */;
			productType = "com.apple.product-type.bundle";
		};
/* End PBXNativeTarget section */

/* Begin PBXProject section */
		CAA506C815563223001F2508 /* Project object */ = {
			isa = PBXProject;
			attributes = {
				LastUpgradeCheck = 0450;
			};
			buildConfigurationList = CAA506CB15563223001F2508 /* Build configuration list for PBXProject "IosDayToDay" */;
			compatibilityVersion = "Xcode 3.2";
			developmentRegion = English;
			hasScannedForEncodings = 0;
			knownRegions = (
				en,
			);
			mainGroup = CAA506C615563223001F2508;
			productRefGroup = CAA506D215563224001F2508 /* Products */;
			projectDirPath = "";
			projectRoot = "";
			targets = (
				CAA506D015563224001F2508 /* IosDayToDay */,
				CAA506FF15563224001F2508 /* IosDayToDayTests */,
			);
		};
/* End PBXProject section */

/* Begin PBXResourcesBuildPhase section */
		CAA506CF15563224001F2508 /* Resources */ = {
			isa = PBXResourcesBuildPhase;
			buildActionMask = 2147483647;
			files = (
				CAA506E015563224001F2508 /* InfoPlist.strings in Resources */,
				CAA506E915563224001F2508 /* MainStoryboard_iPhone.storyboard in Resources */,
				CA9D13D616AF89BF0012F918 /* between_dates_32x32.png in Resources */,
				CA9D13DA16AF8E330012F918 /* Default-568h@2x.png in Resources */,
				CAA506EC15563224001F2508 /* MainStoryboard_iPad.storyboard in Resources */,
				CA9D13E716B0CA520012F918 /* Default.png in Resources */,
				CAA5072015594E31001F2508 /* calendar_32x32.png in Resources */,
				CA5F57E0168B2B33003E40F2 /* DayToDayIOS114.png in Resources */,
				CA5F57E3168B2B74003E40F2 /* DayToDayIOS57.png in Resources */,
				CA9D8069168BF00C00B97C2A /* DayToDayIOS72.png in Resources */,
				CA9D806B168BF01000B97C2A /* DayToDayIOS144.png in Resources */,
				CA9D13DD16AF8FE30012F918 /* Default@2x.png in Resources */,
				CA9D13E116AF911C0012F918 /* Default-Portrait@2x~ipad.png in Resources */,
				CA9D13E416AF92340012F918 /* Default-Landscape@2x~ipad.png in Resources */,
				CA9D13EB16B0CB080012F918 /* Default-Portrait~ipad.png in Resources */,
				CA9D13EE16B0CC070012F918 /* Default-Landscape~ipad.png in Resources */,
			);
			runOnlyForDeploymentPostprocessing = 0;
		};
		CAA506FD15563224001F2508 /* Resources */ = {
			isa = PBXResourcesBuildPhase;
			buildActionMask = 2147483647;
			files = (
				CAA5070C15563224001F2508 /* InfoPlist.strings in Resources */,
				CA9D13CA16AF7B910012F918 /* between_dates_32x32.png in Resources */,
				CA9D13DC16AF8FD50012F918 /* Default@2x.png in Resources */,
				CA9D13E316AF92220012F918 /* Default-Landscape@2x~ipad.png in Resources */,
				CA9D13E616B0CA420012F918 /* Default.png in Resources */,
				CA9D13ED16B0CBCC0012F918 /* Default-Landscape~ipad.png in Resources */,
			);
			runOnlyForDeploymentPostprocessing = 0;
		};
/* End PBXResourcesBuildPhase section */

/* Begin PBXShellScriptBuildPhase section */
		CAA506FE15563224001F2508 /* ShellScript */ = {
			isa = PBXShellScriptBuildPhase;
			buildActionMask = 2147483647;
			files = (
			);
			inputPaths = (
			);
			outputPaths = (
			);
			runOnlyForDeploymentPostprocessing = 0;
			shellPath = /bin/sh;
			shellScript = "# Run the unit tests in this test bundle.\n\"${SYSTEM_DEVELOPER_DIR}/Tools/RunUnitTests\"\n";
		};
/* End PBXShellScriptBuildPhase section */

/* Begin PBXSourcesBuildPhase section */
		CAA506CD15563224001F2508 /* Sources */ = {
			isa = PBXSourcesBuildPhase;
			buildActionMask = 2147483647;
			files = (
				CAA506E215563224001F2508 /* main.m in Sources */,
				CAA506E615563224001F2508 /* AppDelegate.m in Sources */,
				CAA506EF15563224001F2508 /* FromDateViewController.m in Sources */,
				CAA506F615563224001F2508 /* BetweenDatesViewController.m in Sources */,
				CAE583D1155A10FA00D9BC3A /* DateWrap.m in Sources */,
				CA1890491647574100C40B6C /* DateChooserViewController.m in Sources */,
			);
			runOnlyForDeploymentPostprocessing = 0;
		};
		CAA506FB15563224001F2508 /* Sources */ = {
			isa = PBXSourcesBuildPhase;
			buildActionMask = 2147483647;
			files = (
				CAA5070F15563224001F2508 /* IosDayToDayTests.m in Sources */,
				CA18904316471CB400C40B6C /* DateChooserViewController.m in Sources */,
			);
			runOnlyForDeploymentPostprocessing = 0;
		};
/* End PBXSourcesBuildPhase section */

/* Begin PBXTargetDependency section */
		CAA5070615563224001F2508 /* PBXTargetDependency */ = {
			isa = PBXTargetDependency;
			target = CAA506D015563224001F2508 /* IosDayToDay */;
			targetProxy = CAA5070515563224001F2508 /* PBXContainerItemProxy */;
		};
/* End PBXTargetDependency section */

/* Begin PBXVariantGroup section */
		CAA506DE15563224001F2508 /* InfoPlist.strings */ = {
			isa = PBXVariantGroup;
			children = (
				CAA506DF15563224001F2508 /* en */,
			);
			name = InfoPlist.strings;
			sourceTree = "<group>";
		};
		CAA506E715563224001F2508 /* MainStoryboard_iPhone.storyboard */ = {
			isa = PBXVariantGroup;
			children = (
				CAA506E815563224001F2508 /* en */,
			);
			name = MainStoryboard_iPhone.storyboard;
			sourceTree = "<group>";
		};
		CAA506EA15563224001F2508 /* MainStoryboard_iPad.storyboard */ = {
			isa = PBXVariantGroup;
			children = (
				CAA506EB15563224001F2508 /* en */,
			);
			name = MainStoryboard_iPad.storyboard;
			sourceTree = "<group>";
		};
		CAA5070A15563224001F2508 /* InfoPlist.strings */ = {
			isa = PBXVariantGroup;
			children = (
				CAA5070B15563224001F2508 /* en */,
			);
			name = InfoPlist.strings;
			sourceTree = "<group>";
		};
/* End PBXVariantGroup section */

/* Begin XCBuildConfiguration section */
		CAA5071015563224001F2508 /* Debug */ = {
			isa = XCBuildConfiguration;
			buildSettings = {
				ALWAYS_SEARCH_USER_PATHS = NO;
				ARCHS = "$(ARCHS_STANDARD_32_BIT)";
				CLANG_ENABLE_OBJC_ARC = YES;
				"CODE_SIGN_IDENTITY[sdk=iphoneos*]" = "iPhone Developer";
				COPY_PHASE_STRIP = NO;
				GCC_C_LANGUAGE_STANDARD = gnu99;
				GCC_DYNAMIC_NO_PIC = NO;
				GCC_OPTIMIZATION_LEVEL = 0;
				GCC_PREPROCESSOR_DEFINITIONS = (
					"DEBUG=1",
					"$(inherited)",
				);
				GCC_SYMBOLS_PRIVATE_EXTERN = NO;
				GCC_VERSION = com.apple.compilers.llvm.clang.1_0;
				GCC_WARN_ABOUT_MISSING_PROTOTYPES = YES;
				GCC_WARN_ABOUT_RETURN_TYPE = YES;
				GCC_WARN_UNUSED_VARIABLE = YES;
				IPHONEOS_DEPLOYMENT_TARGET = 5.0;
				SDKROOT = iphoneos;
				TARGETED_DEVICE_FAMILY = "1,2";
			};
			name = Debug;
		};
		CAA5071115563224001F2508 /* Release */ = {
			isa = XCBuildConfiguration;
			buildSettings = {
				ALWAYS_SEARCH_USER_PATHS = NO;
				ARCHS = "$(ARCHS_STANDARD_32_BIT)";
				CLANG_ENABLE_OBJC_ARC = YES;
				"CODE_SIGN_IDENTITY[sdk=iphoneos*]" = "iPhone Developer";
				COPY_PHASE_STRIP = YES;
				GCC_C_LANGUAGE_STANDARD = gnu99;
				GCC_VERSION = com.apple.compilers.llvm.clang.1_0;
				GCC_WARN_ABOUT_MISSING_PROTOTYPES = YES;
				GCC_WARN_ABOUT_RETURN_TYPE = YES;
				GCC_WARN_UNUSED_VARIABLE = YES;
				IPHONEOS_DEPLOYMENT_TARGET = 5.0;
				OTHER_CFLAGS = "-DNS_BLOCK_ASSERTIONS=1";
				SDKROOT = iphoneos;
				TARGETED_DEVICE_FAMILY = "1,2";
				VALIDATE_PRODUCT = YES;
			};
			name = Release;
		};
		CAA5071315563224001F2508 /* Debug */ = {
			isa = XCBuildConfiguration;
			buildSettings = {
				GCC_PRECOMPILE_PREFIX_HEADER = YES;
				GCC_PREFIX_HEADER = "IosDayToDay/IosDayToDay-Prefix.pch";
				INFOPLIST_FILE = "IosDayToDay/IosDayToDay-Info.plist";
				PRODUCT_NAME = DayToDay;
				WRAPPER_EXTENSION = app;
			};
			name = Debug;
		};
		CAA5071415563224001F2508 /* Release */ = {
			isa = XCBuildConfiguration;
			buildSettings = {
				CODE_SIGN_IDENTITY = "iPhone Developer: Doyle Young (J36RH3D35W)";
				"CODE_SIGN_IDENTITY[sdk=iphoneos*]" = "iPhone Developer: Doyle Young (J36RH3D35W)";
				GCC_PRECOMPILE_PREFIX_HEADER = YES;
				GCC_PREFIX_HEADER = "IosDayToDay/IosDayToDay-Prefix.pch";
				INFOPLIST_FILE = "IosDayToDay/IosDayToDay-Info.plist";
				PRODUCT_NAME = DayToDay;
				PROVISIONING_PROFILE = "865B6EA9-6A3B-4E75-A123-F6E9BC50DAD9";
				"PROVISIONING_PROFILE[sdk=iphoneos*]" = "865B6EA9-6A3B-4E75-A123-F6E9BC50DAD9";
				WRAPPER_EXTENSION = app;
			};
			name = Release;
		};
		CAA5071615563224001F2508 /* Debug */ = {
			isa = XCBuildConfiguration;
			buildSettings = {
				BUNDLE_LOADER = "$(BUILT_PRODUCTS_DIR)/IosDayToDay.app/IosDayToDay";
				FRAMEWORK_SEARCH_PATHS = (
					"$(SDKROOT)/Developer/Library/Frameworks",
					"$(DEVELOPER_LIBRARY_DIR)/Frameworks",
				);
				GCC_PRECOMPILE_PREFIX_HEADER = YES;
				GCC_PREFIX_HEADER = "IosDayToDay/IosDayToDay-Prefix.pch";
				INFOPLIST_FILE = "IosDayToDayTests/IosDayToDayTests-Info.plist";
				PRODUCT_NAME = "$(TARGET_NAME)";
				TEST_HOST = "$(BUNDLE_LOADER)";
				WRAPPER_EXTENSION = octest;
			};
			name = Debug;
		};
		CAA5071715563224001F2508 /* Release */ = {
			isa = XCBuildConfiguration;
			buildSettings = {
				BUNDLE_LOADER = "$(BUILT_PRODUCTS_DIR)/IosDayToDay.app/IosDayToDay";
				FRAMEWORK_SEARCH_PATHS = (
					"$(SDKROOT)/Developer/Library/Frameworks",
					"$(DEVELOPER_LIBRARY_DIR)/Frameworks",
				);
				GCC_PRECOMPILE_PREFIX_HEADER = YES;
				GCC_PREFIX_HEADER = "IosDayToDay/IosDayToDay-Prefix.pch";
				INFOPLIST_FILE = "IosDayToDayTests/IosDayToDayTests-Info.plist";
				PRODUCT_NAME = "$(TARGET_NAME)";
				TEST_HOST = "$(BUNDLE_LOADER)";
				WRAPPER_EXTENSION = octest;
			};
			name = Release;
		};
/* End XCBuildConfiguration section */

/* Begin XCConfigurationList section */
		CAA506CB15563223001F2508 /* Build configuration list for PBXProject "IosDayToDay" */ = {
			isa = XCConfigurationList;
			buildConfigurations = (
				CAA5071015563224001F2508 /* Debug */,
				CAA5071115563224001F2508 /* Release */,
			);
			defaultConfigurationIsVisible = 0;
			defaultConfigurationName = Release;
		};
		CAA5071215563224001F2508 /* Build configuration list for PBXNativeTarget "IosDayToDay" */ = {
			isa = XCConfigurationList;
			buildConfigurations = (
				CAA5071315563224001F2508 /* Debug */,
				CAA5071415563224001F2508 /* Release */,
			);
			defaultConfigurationIsVisible = 0;
			defaultConfigurationName = Release;
		};
		CAA5071515563224001F2508 /* Build configuration list for PBXNativeTarget "IosDayToDayTests" */ = {
			isa = XCConfigurationList;
			buildConfigurations = (
				CAA5071615563224001F2508 /* Debug */,
				CAA5071715563224001F2508 /* Release */,
			);
			defaultConfigurationIsVisible = 0;
			defaultConfigurationName = Release;
		};
/* End XCConfigurationList section */
	};
	rootObject = CAA506C815563223001F2508 /* Project object */;
}
